
Microsoft Visual Studio Solution File, Format Version 12.00
# Visual Studio Version 16
VisualStudioVersion = 16.0.30517.126
MinimumVisualStudioVersion = 10.0.40219.1
Project("{FAE04EC0-301F-11D3-BF4B-00C04F79EFBC}") = "OOPSuperHeroes", "OOPSuperHeroes\OOPSuperHeroes.csproj", "{CAFDCB53-9B44-44AC-BD72-B288645E3F72}"
EndProject
Global
	GlobalSection(SolutionConfigurationPlatforms) = preSolution
		Debug|Any CPU = Debug|Any CPU
		Release|Any CPU = Release|Any CPU
	EndGlobalSection
	GlobalSection(ProjectConfigurationPlatforms) = postSolution
		{CAFDCB53-9B44-44AC-BD72-B288645E3F72}.Debug|Any CPU.ActiveCfg = Debug|Any CPU
		{CAFDCB53-9B44-44AC-BD72-B288645E3F72}.Debug|Any CPU.Build.0 = Debug|Any CPU
		{CAFDCB53-9B44-44AC-BD72-B288645E3F72}.Release|Any CPU.ActiveCfg = Release|Any CPU
		{CAFDCB53-9B44-44AC-BD72-B288645E3F72}.Release|Any CPU.Build.0 = Release|Any CPU
	EndGlobalSection
	GlobalSection(SolutionProperties) = preSolution
		HideSolutionNode = FALSE
	EndGlobalSection
	GlobalSection(ExtensibilityGlobals) = postSolution
		SolutionGuid = {5896AC89-4E2C-44E5-ACC0-62053985F6FA}
	EndGlobalSection
EndGlobal
